
Microsoft Visual Studio Solution File, Format Version 12.00
# Visual Studio Version 16
VisualStudioVersion = 16.0.29920.165
MinimumVisualStudioVersion = 10.0.40219.1
Project("{FAE04EC0-301F-11D3-BF4B-00C04F79EFBC}") = "DialogService.TestDialog", "DialogService.TestDialog\DialogService.TestDialog.csproj", "{08648CF3-1378-435E-AF7D-FB05CF2B88B9}"
EndProject
Global
	GlobalSection(SolutionConfigurationPlatforms) = preSolution
		Debug|Any CPU = Debug|Any CPU
		Release|Any CPU = Release|Any CPU
	EndGlobalSection
	GlobalSection(ProjectConfigurationPlatforms) = postSolution
		{08648CF3-1378-435E-AF7D-FB05CF2B88B9}.Debug|Any CPU.ActiveCfg = Debug|Any CPU
		{08648CF3-1378-435E-AF7D-FB05CF2B88B9}.Debug|Any CPU.Build.0 = Debug|Any CPU
		{08648CF3-1378-435E-AF7D-FB05CF2B88B9}.Release|Any CPU.ActiveCfg = Release|Any CPU
		{08648CF3-1378-435E-AF7D-FB05CF2B88B9}.Release|Any CPU.Build.0 = Release|Any CPU
	EndGlobalSection
	GlobalSection(SolutionProperties) = preSolution
		HideSolutionNode = FALSE
	EndGlobalSection
	GlobalSection(ExtensibilityGlobals) = postSolution
		SolutionGuid = {53EA5ED9-35C6-4105-AD12-2541371DDEC1}
	EndGlobalSection
EndGlobal
